
Microsoft Visual Studio Solution File, Format Version 12.00
# Visual Studio Version 17
VisualStudioVersion = 17.7.34024.191
MinimumVisualStudioVersion = 10.0.40219.1
Project("{8BC9CEB8-8B4A-11D0-8D11-00A0C91BC942}") = "versionproxy", "versionproxy\versionproxy.vcxproj", "{6058DB39-91C3-43D4-B594-5FA7FD99513B}"
	ProjectSection(ProjectDependencies) = postProject
		{18F1AAC5-FEE7-4E07-8A54-88883E887503} = {18F1AAC5-FEE7-4E07-8A54-88883E887503}
	EndProjectSection
EndProject
Project("{9A19103F-16F7-4668-BE54-9A1E7A4F7556}") = "SubModLoader", "submodloader\SubModLoader.csproj", "{5B05C53B-620C-465F-8D01-02054C25D959}"
EndProject
Project("{8BC9CEB8-8B4A-11D0-8D11-00A0C91BC942}") = "SubModLoaderNative", "SubModLoaderNative\SubModLoaderNative.vcxproj", "{18F1AAC5-FEE7-4E07-8A54-88883E887503}"
	ProjectSection(ProjectDependencies) = postProject
		{5B05C53B-620C-465F-8D01-02054C25D959} = {5B05C53B-620C-465F-8D01-02054C25D959}
	EndProjectSection
EndProject
Project("{9A19103F-16F7-4668-BE54-9A1E7A4F7556}") = "TestMod", "TestMod\TestMod.csproj", "{042333C5-DB4D-46F9-AC7F-B17B1E1644A6}"
EndProject
Project("{9A19103F-16F7-4668-BE54-9A1E7A4F7556}") = "CodeGenerator", "ImGui.NET\src\CodeGenerator\CodeGenerator.csproj", "{4A7C08B8-1015-4420-B2C0-EC450A855F66}"
EndProject
Project("{9A19103F-16F7-4668-BE54-9A1E7A4F7556}") = "ImGui.NET", "ImGui.NET\src\ImGui.NET\ImGui.NET.csproj", "{F39681DB-E811-4184-B5F8-2673337C80AB}"
EndProject
Project("{9A19103F-16F7-4668-BE54-9A1E7A4F7556}") = "UndertaleModLib", "SubmachineModTool\UndertaleModLib\UndertaleModLib.csproj", "{24391B7E-939C-4F2D-9AFE-021011ECDBEA}"
EndProject
Global
	GlobalSection(SolutionConfigurationPlatforms) = preSolution
		Debug|Any CPU = Debug|Any CPU
		Debug|x64 = Debug|x64
		Debug|x86 = Debug|x86
		Release|Any CPU = Release|Any CPU
		Release|x64 = Release|x64
		Release|x86 = Release|x86
	EndGlobalSection
	GlobalSection(ProjectConfigurationPlatforms) = postSolution
		{6058DB39-91C3-43D4-B594-5FA7FD99513B}.Debug|Any CPU.ActiveCfg = Debug|x64
		{6058DB39-91C3-43D4-B594-5FA7FD99513B}.Debug|Any CPU.Build.0 = Debug|x64
		{6058DB39-91C3-43D4-B594-5FA7FD99513B}.Debug|x64.ActiveCfg = Debug|x64
		{6058DB39-91C3-43D4-B594-5FA7FD99513B}.Debug|x64.Build.0 = Debug|x64
		{6058DB39-91C3-43D4-B594-5FA7FD99513B}.Debug|x86.ActiveCfg = Debug|Win32
		{6058DB39-91C3-43D4-B594-5FA7FD99513B}.Debug|x86.Build.0 = Debug|Win32
		{6058DB39-91C3-43D4-B594-5FA7FD99513B}.Release|Any CPU.ActiveCfg = Release|x64
		{6058DB39-91C3-43D4-B594-5FA7FD99513B}.Release|Any CPU.Build.0 = Release|x64
		{6058DB39-91C3-43D4-B594-5FA7FD99513B}.Release|x64.ActiveCfg = Release|x64
		{6058DB39-91C3-43D4-B594-5FA7FD99513B}.Release|x64.Build.0 = Release|x64
		{6058DB39-91C3-43D4-B594-5FA7FD99513B}.Release|x86.ActiveCfg = Release|Win32
		{6058DB39-91C3-43D4-B594-5FA7FD99513B}.Release|x86.Build.0 = Release|Win32
		{5B05C53B-620C-465F-8D01-02054C25D959}.Debug|Any CPU.ActiveCfg = Debug|Any CPU
		{5B05C53B-620C-465F-8D01-02054C25D959}.Debug|Any CPU.Build.0 = Debug|Any CPU
		{5B05C53B-620C-465F-8D01-02054C25D959}.Debug|x64.ActiveCfg = Debug|x64
		{5B05C53B-620C-465F-8D01-02054C25D959}.Debug|x64.Build.0 = Debug|x64
		{5B05C53B-620C-465F-8D01-02054C25D959}.Debug|x86.ActiveCfg = Debug|x86
		{5B05C53B-620C-465F-8D01-02054C25D959}.Debug|x86.Build.0 = Debug|x86
		{5B05C53B-620C-465F-8D01-02054C25D959}.Release|Any CPU.ActiveCfg = Release|Any CPU
		{5B05C53B-620C-465F-8D01-02054C25D959}.Release|Any CPU.Build.0 = Release|Any CPU
		{5B05C53B-620C-465F-8D01-02054C25D959}.Release|x64.ActiveCfg = Release|x64
		{5B05C53B-620C-465F-8D01-02054C25D959}.Release|x64.Build.0 = Release|x64
		{5B05C53B-620C-465F-8D01-02054C25D959}.Release|x86.ActiveCfg = Release|x86
		{5B05C53B-620C-465F-8D01-02054C25D959}.Release|x86.Build.0 = Release|x86
		{18F1AAC5-FEE7-4E07-8A54-88883E887503}.Debug|Any CPU.ActiveCfg = Debug|x64
		{18F1AAC5-FEE7-4E07-8A54-88883E887503}.Debug|Any CPU.Build.0 = Debug|x64
		{18F1AAC5-FEE7-4E07-8A54-88883E887503}.Debug|x64.ActiveCfg = Debug|x64
		{18F1AAC5-FEE7-4E07-8A54-88883E887503}.Debug|x64.Build.0 = Debug|x64
		{18F1AAC5-FEE7-4E07-8A54-88883E887503}.Debug|x86.ActiveCfg = Debug|Win32
		{18F1AAC5-FEE7-4E07-8A54-88883E887503}.Debug|x86.Build.0 = Debug|Win32
		{18F1AAC5-FEE7-4E07-8A54-88883E887503}.Release|Any CPU.ActiveCfg = Release|x64
		{18F1AAC5-FEE7-4E07-8A54-88883E887503}.Release|Any CPU.Build.0 = Release|x64
		{18F1AAC5-FEE7-4E07-8A54-88883E887503}.Release|x64.ActiveCfg = Release|x64
		{18F1AAC5-FEE7-4E07-8A54-88883E887503}.Release|x64.Build.0 = Release|x64
		{18F1AAC5-FEE7-4E07-8A54-88883E887503}.Release|x86.ActiveCfg = Release|Win32
		{18F1AAC5-FEE7-4E07-8A54-88883E887503}.Release|x86.Build.0 = Release|Win32
		{042333C5-DB4D-46F9-AC7F-B17B1E1644A6}.Debug|Any CPU.ActiveCfg = Debug|Any CPU
		{042333C5-DB4D-46F9-AC7F-B17B1E1644A6}.Debug|Any CPU.Build.0 = Debug|Any CPU
		{042333C5-DB4D-46F9-AC7F-B17B1E1644A6}.Debug|x64.ActiveCfg = Debug|x64
		{042333C5-DB4D-46F9-AC7F-B17B1E1644A6}.Debug|x64.Build.0 = Debug|x64
		{042333C5-DB4D-46F9-AC7F-B17B1E1644A6}.Debug|x86.ActiveCfg = Debug|x86
		{042333C5-DB4D-46F9-AC7F-B17B1E1644A6}.Debug|x86.Build.0 = Debug|x86
		{042333C5-DB4D-46F9-AC7F-B17B1E1644A6}.Release|Any CPU.ActiveCfg = Release|Any CPU
		{042333C5-DB4D-46F9-AC7F-B17B1E1644A6}.Release|Any CPU.Build.0 = Release|Any CPU
		{042333C5-DB4D-46F9-AC7F-B17B1E1644A6}.Release|x64.ActiveCfg = Release|Any CPU
		{042333C5-DB4D-46F9-AC7F-B17B1E1644A6}.Release|x64.Build.0 = Release|Any CPU
		{042333C5-DB4D-46F9-AC7F-B17B1E1644A6}.Release|x86.ActiveCfg = Release|Any CPU
		{042333C5-DB4D-46F9-AC7F-B17B1E1644A6}.Release|x86.Build.0 = Release|Any CPU
		{4A7C08B8-1015-4420-B2C0-EC450A855F66}.Debug|Any CPU.ActiveCfg = Debug|Any CPU
		{4A7C08B8-1015-4420-B2C0-EC450A855F66}.Debug|Any CPU.Build.0 = Debug|Any CPU
		{4A7C08B8-1015-4420-B2C0-EC450A855F66}.Debug|x64.ActiveCfg = Debug|Any CPU
		{4A7C08B8-1015-4420-B2C0-EC450A855F66}.Debug|x64.Build.0 = Debug|Any CPU
		{4A7C08B8-1015-4420-B2C0-EC450A855F66}.Debug|x86.ActiveCfg = Debug|Any CPU
		{4A7C08B8-1015-4420-B2C0-EC450A855F66}.Debug|x86.Build.0 = Debug|Any CPU
		{4A7C08B8-1015-4420-B2C0-EC450A855F66}.Release|Any CPU.ActiveCfg = Release|Any CPU
		{4A7C08B8-1015-4420-B2C0-EC450A855F66}.Release|Any CPU.Build.0 = Release|Any CPU
		{4A7C08B8-1015-4420-B2C0-EC450A855F66}.Release|x64.ActiveCfg = Release|Any CPU
		{4A7C08B8-1015-4420-B2C0-EC450A855F66}.Release|x64.Build.0 = Release|Any CPU
		{4A7C08B8-1015-4420-B2C0-EC450A855F66}.Release|x86.ActiveCfg = Release|Any CPU
		{4A7C08B8-1015-4420-B2C0-EC450A855F66}.Release|x86.Build.0 = Release|Any CPU
		{F39681DB-E811-4184-B5F8-2673337C80AB}.Debug|Any CPU.ActiveCfg = Debug|Any CPU
		{F39681DB-E811-4184-B5F8-2673337C80AB}.Debug|Any CPU.Build.0 = Debug|Any CPU
		{F39681DB-E811-4184-B5F8-2673337C80AB}.Debug|x64.ActiveCfg = Debug|Any CPU
		{F39681DB-E811-4184-B5F8-2673337C80AB}.Debug|x64.Build.0 = Debug|Any CPU
		{F39681DB-E811-4184-B5F8-2673337C80AB}.Debug|x86.ActiveCfg = Debug|Any CPU
		{F39681DB-E811-4184-B5F8-2673337C80AB}.Debug|x86.Build.0 = Debug|Any CPU
		{F39681DB-E811-4184-B5F8-2673337C80AB}.Release|Any CPU.ActiveCfg = Release|Any CPU
		{F39681DB-E811-4184-B5F8-2673337C80AB}.Release|Any CPU.Build.0 = Release|Any CPU
		{F39681DB-E811-4184-B5F8-2673337C80AB}.Release|x64.ActiveCfg = Release|Any CPU
		{F39681DB-E811-4184-B5F8-2673337C80AB}.Release|x64.Build.0 = Release|Any CPU
		{F39681DB-E811-4184-B5F8-2673337C80AB}.Release|x86.ActiveCfg = Release|Any CPU
		{F39681DB-E811-4184-B5F8-2673337C80AB}.Release|x86.Build.0 = Release|Any CPU
		{24391B7E-939C-4F2D-9AFE-021011ECDBEA}.Debug|Any CPU.ActiveCfg = Debug|Any CPU
		{24391B7E-939C-4F2D-9AFE-021011ECDBEA}.Debug|Any CPU.Build.0 = Debug|Any CPU
		{24391B7E-939C-4F2D-9AFE-021011ECDBEA}.Debug|x64.ActiveCfg = Debug|x64
		{24391B7E-939C-4F2D-9AFE-021011ECDBEA}.Debug|x64.Build.0 = Debug|x64
		{24391B7E-939C-4F2D-9AFE-021011ECDBEA}.Debug|x86.ActiveCfg = Debug|Any CPU
		{24391B7E-939C-4F2D-9AFE-021011ECDBEA}.Debug|x86.Build.0 = Debug|Any CPU
		{24391B7E-939C-4F2D-9AFE-021011ECDBEA}.Release|Any CPU.ActiveCfg = Release|Any CPU
		{24391B7E-939C-4F2D-9AFE-021011ECDBEA}.Release|Any CPU.Build.0 = Release|Any CPU
		{24391B7E-939C-4F2D-9AFE-021011ECDBEA}.Release|x64.ActiveCfg = Release|x64
		{24391B7E-939C-4F2D-9AFE-021011ECDBEA}.Release|x64.Build.0 = Release|x64
		{24391B7E-939C-4F2D-9AFE-021011ECDBEA}.Release|x86.ActiveCfg = Release|Any CPU
		{24391B7E-939C-4F2D-9AFE-021011ECDBEA}.Release|x86.Build.0 = Release|Any CPU
	EndGlobalSection
	GlobalSection(SolutionProperties) = preSolution
		HideSolutionNode = FALSE
	EndGlobalSection
	GlobalSection(ExtensibilityGlobals) = postSolution
		SolutionGuid = {EF731CBF-FF1D-4387-BE22-88A10E2396C3}
	EndGlobalSection
EndGlobal
