<?xml version="1.0" encoding="utf-8"?>
<Project ToolsVersion="4.0" xmlns="http://schemas.microsoft.com/developer/msbuild/2003">
  <ItemGroup>
    <Filter Include="Source Files">
      <UniqueIdentifier>{4FC737F1-C7A5-4376-A066-2A32D752A2FF}</UniqueIdentifier>
      <Extensions>cpp;c;cc;cxx;c++;cppm;ixx;def;odl;idl;hpj;bat;asm;asmx</Extensions>
    </Filter>
    <Filter Include="Header Files">
      <UniqueIdentifier>{93995380-89BD-4b04-88EB-625FBE52EBFB}</UniqueIdentifier>
      <Extensions>h;hh;hpp;hxx;h++;hm;inl;inc;ipp;xsd</Extensions>
    </Filter>
    <Filter Include="Resource Files">
      <UniqueIdentifier>{67DA6AB6-F800-4c08-8B7A-83BB121AAD01}</UniqueIdentifier>
      <Extensions>rc;ico;cur;bmp;dlg;rc2;rct;bin;rgs;gif;jpg;jpeg;jpe;resx;tiff;tif;png;wav;mfcribbon-ms</Extensions>
    </Filter>
    <Filter Include="Source Files\ImGui">
      <UniqueIdentifier>{7c8328b6-752d-435b-8678-266f447668ab}</UniqueIdentifier>
    </Filter>
    <Filter Include="Header Files\ImGui">
      <UniqueIdentifier>{fd62faf5-2fd2-4d59-98b7-444dcb5536ed}</UniqueIdentifier>
    </Filter>
    <Filter Include="Header Files\ImGui\dx9">
      <UniqueIdentifier>{43f4f627-774d-4684-8ca7-a1b4b7249b31}</UniqueIdentifier>
    </Filter>
    <Filter Include="Header Files\ImGui\dx11">
      <UniqueIdentifier>{b220ebbd-cbb7-4418-bfe9-85569bb4f3b8}</UniqueIdentifier>
    </Filter>
    <Filter Include="Source Files\ImGui\dx11">
      <UniqueIdentifier>{47931ed5-ef1b-40a9-b1d0-1c14b4ced93b}</UniqueIdentifier>
    </Filter>
    <Filter Include="Header Files\ImGui\win32">
      <UniqueIdentifier>{d72f5af5-e5f5-41c5-82e3-5111808d8151}</UniqueIdentifier>
    </Filter>
    <Filter Include="Source Files\ImGui\win32">
      <UniqueIdentifier>{c4a0a962-0c93-4bdb-9ca9-82da883b2c43}</UniqueIdentifier>
    </Filter>
    <Filter Include="Header Files\ImGui\misc">
      <UniqueIdentifier>{97ba1754-6670-4131-898a-f36d7c359518}</UniqueIdentifier>
    </Filter>
    <Filter Include="Header Files\ImGui\misc\freetype">
      <UniqueIdentifier>{97212f55-017c-448f-9e77-030a3f67ae8d}</UniqueIdentifier>
    </Filter>
    <Filter Include="Source Files\ImGui\misc">
      <UniqueIdentifier>{ede4124a-b2f4-4048-99bc-8d320c8fa6d6}</UniqueIdentifier>
    </Filter>
    <Filter Include="Source Files\ImGui\misc\freetype">
      <UniqueIdentifier>{da7589e9-4abb-4fa4-88ca-4c2023909b4e}</UniqueIdentifier>
    </Filter>
    <Filter Include="Source Files\ImGui\dx9">
      <UniqueIdentifier>{29109cd6-b424-4bea-8934-90e162ff1892}</UniqueIdentifier>
    </Filter>
  </ItemGroup>
  <ItemGroup>
    <ClCompile Include="dllmain.cpp">
      <Filter>Source Files</Filter>
    </ClCompile>
    <ClCompile Include="DataWinHook.cpp">
      <Filter>Source Files</Filter>
    </ClCompile>
    <ClCompile Include="NetBootstrap.cpp">
      <Filter>Source Files</Filter>
    </ClCompile>
    <ClCompile Include="GMLToC#Interop.cpp">
      <Filter>Source Files</Filter>
    </ClCompile>
    <ClCompile Include="ImGUIHooks.cpp">
      <Filter>Source Files</Filter>
    </ClCompile>
    <ClCompile Include="ImGui\imgui.cpp">
      <Filter>Source Files\ImGui</Filter>
    </ClCompile>
    <ClCompile Include="ImGui\imgui_demo.cpp">
      <Filter>Source Files\ImGui</Filter>
    </ClCompile>
    <ClCompile Include="ImGui\imgui_draw.cpp">
      <Filter>Source Files\ImGui</Filter>
    </ClCompile>
    <ClCompile Include="ImGui\imgui_tables.cpp">
      <Filter>Source Files\ImGui</Filter>
    </ClCompile>
    <ClCompile Include="ImGui\imgui_widgets.cpp">
      <Filter>Source Files\ImGui</Filter>
    </ClCompile>
    <ClCompile Include="ImGui\dx11\imgui_impl_dx11.cpp">
      <Filter>Source Files\ImGui\dx11</Filter>
    </ClCompile>
    <ClCompile Include="ImGui\win32\imgui_impl_win32.cpp">
      <Filter>Source Files\ImGui\win32</Filter>
    </ClCompile>
    <ClCompile Include="DXVtables.cpp">
      <Filter>Source Files</Filter>
    </ClCompile>
    <ClCompile Include="ImGui\misc\freetype\imgui_freetype.cpp">
      <Filter>Source Files\ImGui\misc\freetype</Filter>
    </ClCompile>
    <ClCompile Include="ImGui\dx9\imgui_impl_dx9.cpp">
      <Filter>Source Files\ImGui\dx9</Filter>
    </ClCompile>
    <ClCompile Include="ImGui\cimgui.cpp">
      <Filter>Source Files\ImGui</Filter>
    </ClCompile>
  </ItemGroup>
  <ItemGroup>
    <ClInclude Include="Exports.h">
      <Filter>Header Files</Filter>
    </ClInclude>
    <ClInclude Include="DataWinHook.h">
      <Filter>Header Files</Filter>
    </ClInclude>
    <ClInclude Include="NetBootstrap.h">
      <Filter>Header Files</Filter>
    </ClInclude>
    <ClInclude Include="GMLToC#Interop.h">
      <Filter>Header Files</Filter>
    </ClInclude>
    <ClInclude Include="ImGUIHooks.h">
      <Filter>Header Files</Filter>
    </ClInclude>
    <ClInclude Include="ImGui\imconfig.h">
      <Filter>Header Files\ImGui</Filter>
    </ClInclude>
    <ClInclude Include="ImGui\imgui.h">
      <Filter>Header Files\ImGui</Filter>
    </ClInclude>
    <ClInclude Include="ImGui\imgui_internal.h">
      <Filter>Header Files\ImGui</Filter>
    </ClInclude>
    <ClInclude Include="ImGui\imstb_rectpack.h">
      <Filter>Header Files\ImGui</Filter>
    </ClInclude>
    <ClInclude Include="ImGui\imstb_textedit.h">
      <Filter>Header Files\ImGui</Filter>
    </ClInclude>
    <ClInclude Include="ImGui\imstb_truetype.h">
      <Filter>Header Files\ImGui</Filter>
    </ClInclude>
    <ClInclude Include="ImGui\dx9\imgui_impl_dx9.h">
      <Filter>Header Files\ImGui\dx9</Filter>
    </ClInclude>
    <ClInclude Include="ImGui\dx11\imgui_impl_dx11.h">
      <Filter>Header Files\ImGui\dx11</Filter>
    </ClInclude>
    <ClInclude Include="ImGui\win32\imgui_impl_win32.h">
      <Filter>Header Files\ImGui\win32</Filter>
    </ClInclude>
    <ClInclude Include="DXVtables.h">
      <Filter>Header Files</Filter>
    </ClInclude>
    <ClInclude Include="ImGui\misc\freetype\imgui_freetype.h">
      <Filter>Header Files\ImGui\misc\freetype</Filter>
    </ClInclude>
    <ClInclude Include="ImGui\cimgui.h">
      <Filter>Header Files\ImGui</Filter>
    </ClInclude>
  </ItemGroup>
  <ItemGroup>
    <None Include="vcpkg.json" />
  </ItemGroup>
</Project>